[[package]]
name = "certifi"
version = "2020.12.5"
description = "Python package for providing Mozilla's CA Bundle."
category = "main"
optional = false
python-versions = "*"

[[package]]
name = "chardet"
version = "4.0.0"
description = "Universal encoding detector for Python 2 and 3"
category = "main"
optional = false
python-versions = ">=2.7, !=3.0.*, !=3.1.*, !=3.2.*, !=3.3.*, !=3.4.*"

[[package]]
name = "idna"
version = "2.10"
description = "Internationalized Domain Names in Applications (IDNA)"
category = "main"
optional = false
python-versions = ">=2.7, !=3.0.*, !=3.1.*, !=3.2.*, !=3.3.*"

[[package]]
name = "pyqt5"
version = "5.15.2"
description = "Python bindings for the Qt cross platform application toolkit"
category = "main"
optional = false
python-versions = ">=3.5"

[package.dependencies]
PyQt5-sip = ">=12.8,<13"

[[package]]
name = "pyqt5-sip"
version = "12.8.1"
description = "The sip module support for PyQt5"
category = "main"
optional = false
python-versions = ">=3.5"

[[package]]
name = "requests"
version = "2.25.1"
description = "Python HTTP for Humans."
category = "main"
optional = false
python-versions = ">=2.7, !=3.0.*, !=3.1.*, !=3.2.*, !=3.3.*, !=3.4.*"

[package.dependencies]
certifi = ">=2017.4.17"
chardet = ">=3.0.2,<5"
idna = ">=2.5,<3"
urllib3 = ">=1.21.1,<1.27"

[package.extras]
security = ["pyOpenSSL (>=0.14)", "cryptography (>=1.3.4)"]
socks = ["PySocks (>=1.5.6,!=1.5.7)", "win-inet-pton"]

[[package]]
name = "urllib3"
version = "1.26.3"
description = "HTTP library with thread-safe connection pooling, file post, and more."
category = "main"
optional = false
python-versions = ">=2.7, !=3.0.*, !=3.1.*, !=3.2.*, !=3.3.*, !=3.4.*, <4"

[package.extras]
brotli = ["brotlipy (>=0.6.0)"]
secure = ["pyOpenSSL (>=0.14)", "cryptography (>=1.3.4)", "idna (>=2.0.0)", "certifi", "ipaddress"]
socks = ["PySocks (>=1.5.6,!=1.5.7,<2.0)"]

[metadata]
lock-version = "1.1"
python-versions = "3.6"
content-hash = "01e9aa68475fc1a8ad3f10c9154a6396b2d72c8606941e4681b23d418cdae731"

[metadata.files]
certifi = [
    {file = "certifi-2020.12.5-py2.py3-none-any.whl", hash = "sha256:719a74fb9e33b9bd44cc7f3a8d94bc35e4049deebe19ba7d8e108280cfd59830"},
    {file = "certifi-2020.12.5.tar.gz", hash = "sha256:1a4995114262bffbc2413b159f2a1a480c969de6e6eb13ee966d470af86af59c"},
]
chardet = [
    {file = "chardet-4.0.0-py2.py3-none-any.whl", hash = "sha256:f864054d66fd9118f2e67044ac8981a54775ec5b67aed0441892edb553d21da5"},
    {file = "chardet-4.0.0.tar.gz", hash = "sha256:0d6f53a15db4120f2b08c94f11e7d93d2c911ee118b6b30a04ec3ee8310179fa"},
]
idna = [
    {file = "idna-2.10-py2.py3-none-any.whl", hash = "sha256:b97d804b1e9b523befed77c48dacec60e6dcb0b5391d57af6a65a312a90648c0"},
    {file = "idna-2.10.tar.gz", hash = "sha256:b307872f855b18632ce0c21c5e45be78c0ea7ae4c15c828c20788b26921eb3f6"},
]
pyqt5 = [
    {file = "PyQt5-5.15.2-5.15.2-cp35.cp36.cp37.cp38.cp39-abi3-macosx_10_13_intel.whl", hash = "sha256:894ca4ae767a8d6cf5903784b71f755073c78cb8c167eecf6e4ed6b3b055ac6a"},
    {file = "PyQt5-5.15.2-5.15.2-cp35.cp36.cp37.cp38.cp39-abi3-manylinux2014_x86_64.whl", hash = "sha256:29889845688a54d62820585ad5b2e0200a36b304ff3d7a555e95599f110ba4ce"},
    {file = "PyQt5-5.15.2-5.15.2-cp35.cp36.cp37.cp38.cp39-none-win32.whl", hash = "sha256:ea24f24b7679bf393dd2e4f53fe0ce65021be18304c1ff7a226c2fc5c356d0da"},
    {file = "PyQt5-5.15.2-5.15.2-cp35.cp36.cp37.cp38.cp39-none-win_amd64.whl", hash = "sha256:faaecb76ec65e12673a968e7f5bc02495957e6996f0a3fa0d98895f9e4113746"},
    {file = "PyQt5-5.15.2.tar.gz", hash = "sha256:372b08dc9321d1201e4690182697c5e7ffb2e0770e6b4a45519025134b12e4fc"},
]
pyqt5-sip = [
    {file = "PyQt5_sip-12.8.1-cp35-cp35m-macosx_10_6_intel.whl", hash = "sha256:bb5a87b66fc1445915104ee97f7a20a69decb42f52803e3b0795fa17ff88226c"},
    {file = "PyQt5_sip-12.8.1-cp35-cp35m-manylinux1_x86_64.whl", hash = "sha256:a29e2ac399429d3b7738f73e9081e50783e61ac5d29344e0802d0dcd6056c5a2"},
    {file = "PyQt5_sip-12.8.1-cp35-cp35m-win32.whl", hash = "sha256:0304ca9114b9817a270f67f421355075b78ff9fc25ac58ffd72c2601109d2194"},
    {file = "PyQt5_sip-12.8.1-cp35-cp35m-win_amd64.whl", hash = "sha256:84ba7746762bd223bed22428e8561aa267a229c28344c2d28c5d5d3f8970cffb"},
    {file = "PyQt5_sip-12.8.1-cp36-cp36m-macosx_10_6_intel.whl", hash = "sha256:7b81382ce188d63890a0e35abe0f9bb946cabc873a31873b73583b0fc84ac115"},
    {file = "PyQt5_sip-12.8.1-cp36-cp36m-manylinux1_x86_64.whl", hash = "sha256:b6d42250baec52a5f77de64e2951d001c5501c3a2df2179f625b241cbaec3369"},
    {file = "PyQt5_sip-12.8.1-cp36-cp36m-win32.whl", hash = "sha256:6c1ebee60f1d2b3c70aff866b7933d8d8d7646011f7c32f9321ee88c290aa4f9"},
    {file = "PyQt5_sip-12.8.1-cp36-cp36m-win_amd64.whl", hash = "sha256:34dcd29be47553d5f016ff86e89e24cbc5eebae92eb2f96fb32d2d7ba028c43c"},
    {file = "PyQt5_sip-12.8.1-cp37-cp37m-macosx_10_9_x86_64.whl", hash = "sha256:ed897c58acf4a3cdca61469daa31fe6e44c33c6c06a37c3f21fab31780b3b86a"},
    {file = "PyQt5_sip-12.8.1-cp37-cp37m-manylinux1_x86_64.whl", hash = "sha256:a1b8ef013086e224b8e86c93f880f776d01b59195bdfa2a8e0b23f0480678fec"},
    {file = "PyQt5_sip-12.8.1-cp37-cp37m-win32.whl", hash = "sha256:0cd969be528c27bbd4755bd323dff4a79a8fdda28215364e6ce3e069cb56c2a9"},
    {file = "PyQt5_sip-12.8.1-cp37-cp37m-win_amd64.whl", hash = "sha256:c9800729badcb247765e4ffe2241549d02da1fa435b9db224845bc37c3e99cb0"},
    {file = "PyQt5_sip-12.8.1-cp38-cp38-macosx_10_9_x86_64.whl", hash = "sha256:9312ec47cac4e33c11503bc1cbeeb0bdae619620472f38e2078c5a51020a930f"},
    {file = "PyQt5_sip-12.8.1-cp38-cp38-manylinux1_x86_64.whl", hash = "sha256:2f35e82fd7ec1e1f6716e9154721c7594956a4f5bd4f826d8c6a6453833cc2f0"},
    {file = "PyQt5_sip-12.8.1-cp38-cp38-win32.whl", hash = "sha256:da9c9f1e65b9d09e73bd75befc82961b6b61b5a3b9d0a7c832168e1415f163c6"},
    {file = "PyQt5_sip-12.8.1-cp38-cp38-win_amd64.whl", hash = "sha256:832fd60a264de4134c2824d393320838f3ab648180c9c357ec58a74524d24507"},
    {file = "PyQt5_sip-12.8.1-cp39-cp39-macosx_10_9_x86_64.whl", hash = "sha256:c317ab1263e6417c498b81f5c970a9b1af7acefab1f80b4cc0f2f8e661f29fc5"},
    {file = "PyQt5_sip-12.8.1-cp39-cp39-manylinux1_x86_64.whl", hash = "sha256:c9d6d448c29dc6606bb7974696608f81f4316c8234f7c7216396ed110075e777"},
    {file = "PyQt5_sip-12.8.1-cp39-cp39-win32.whl", hash = "sha256:5a011aeff89660622a6d5c3388d55a9d76932f3b82c95e82fc31abd8b1d2990d"},
    {file = "PyQt5_sip-12.8.1-cp39-cp39-win_amd64.whl", hash = "sha256:f168f0a7f32b81bfeffdf003c36f25d81c97dee5eb67072a5183e761fe250f13"},
    {file = "PyQt5_sip-12.8.1.tar.gz", hash = "sha256:30e944db9abee9cc757aea16906d4198129558533eb7fadbe48c5da2bd18e0bd"},
]
requests = [
    {file = "requests-2.25.1-py2.py3-none-any.whl", hash = "sha256:c210084e36a42ae6b9219e00e48287def368a26d03a048ddad7bfee44f75871e"},
    {file = "requests-2.25.1.tar.gz", hash = "sha256:27973dd4a904a4f13b263a19c866c13b92a39ed1c964655f025f3f8d3d75b804"},
]
urllib3 = [
    {file = "urllib3-1.26.3-py2.py3-none-any.whl", hash = "sha256:1b465e494e3e0d8939b50680403e3aedaa2bc434b7d5af64dfd3c958d7f5ae80"},
    {file = "urllib3-1.26.3.tar.gz", hash = "sha256:de3eedaad74a2683334e282005cd8d7f22f4d55fa690a2a1020a416cb0a47e73"},
]
