# generated by rye
# use `rye lock` or `rye sync` to update this lockfile
#
# last locked with the following flags:
#   pre: false
#   features: []
#   all-features: false
#   with-sources: false
#   generate-hashes: false

-e file:.
asttokens==2.4.1
    # via stack-data
babel==2.15.0
    # via mkdocs-material
certifi==2024.6.2
    # via requests
charset-normalizer==3.3.2
    # via requests
click==8.1.7
    # via mkdocs
    # via typer
colorama==0.4.6
    # via click
    # via ipython
    # via mkdocs
    # via mkdocs-material
comm==0.2.2
    # via ipykernel
debugpy==1.8.2
    # via ipykernel
decorator==5.1.1
    # via ipython
exceptiongroup==1.2.1
    # via ipython
executing==2.0.1
    # via stack-data
ghp-import==2.1.0
    # via mkdocs
gitdb==4.0.11
    # via gitpython
gitpython==3.1.43
    # via cocktailberry
idna==3.7
    # via requests
importlib-metadata==8.0.0
    # via jupyter-client
    # via markdown
    # via mkdocs
    # via mkdocs-get-deps
ipykernel==6.29.5
ipython==8.18.1
    # via ipykernel
jedi==0.19.1
    # via ipython
jinja2==3.1.4
    # via mkdocs
    # via mkdocs-material
jupyter-client==8.6.2
    # via ipykernel
jupyter-core==5.7.2
    # via ipykernel
    # via jupyter-client
libsass==0.23.0
    # via qtsass
markdown==3.6
    # via mkdocs
    # via mkdocs-material
    # via pymdown-extensions
markdown-it-py==3.0.0
    # via rich
markupsafe==2.1.5
    # via jinja2
    # via mkdocs
matplotlib-inline==0.1.7
    # via ipykernel
    # via ipython
mdurl==0.1.2
    # via markdown-it-py
mergedeep==1.3.4
    # via mkdocs
    # via mkdocs-get-deps
mkdocs==1.6.0
    # via mkdocs-material
mkdocs-get-deps==0.2.0
    # via mkdocs
mkdocs-material==9.5.28
mkdocs-material-extensions==1.3.1
    # via mkdocs-material
mypy==1.10.1
mypy-extensions==1.0.0
    # via mypy
nest-asyncio==1.6.0
    # via ipykernel
packaging==24.1
    # via ipykernel
    # via mkdocs
    # via qtpy
paginate==0.5.6
    # via mkdocs-material
parso==0.8.4
    # via jedi
pathspec==0.12.1
    # via mkdocs
piicodev==1.10.0
    # via cocktailberry
pillow==10.4.0
    # via cocktailberry
platformdirs==4.2.2
    # via jupyter-core
    # via mkdocs-get-deps
prompt-toolkit==3.0.47
    # via ipython
psutil==6.0.0
    # via cocktailberry
    # via ipykernel
pure-eval==0.2.2
    # via stack-data
pyfiglet==1.0.2
    # via cocktailberry
pygments==2.18.0
    # via ipython
    # via mkdocs-material
    # via rich
pymdown-extensions==10.8.1
    # via mkdocs-material
pyqt5==5.15.7
    # via cocktailberry
    # via pyqtspinner
pyqt5-qt5==5.15.2
    # via cocktailberry
    # via pyqt5
pyqt5-sip==12.13.0
    # via pyqt5
pyqtspinner==2.0.0
    # via cocktailberry
python-dateutil==2.9.0.post0
    # via ghp-import
    # via jupyter-client
python-periphery==2.4.1
pywin32==306
    # via jupyter-core
pyyaml==6.0.1
    # via cocktailberry
    # via mkdocs
    # via mkdocs-get-deps
    # via pymdown-extensions
    # via pyyaml-env-tag
pyyaml-env-tag==0.1
    # via mkdocs
pyzmq==26.0.3
    # via ipykernel
    # via jupyter-client
qtawesome==1.3.1
    # via cocktailberry
qtpy==2.4.1
    # via qtawesome
qtsass==0.4.0
    # via cocktailberry
regex==2024.5.15
    # via mkdocs-material
requests==2.32.3
    # via cocktailberry
    # via mkdocs-material
rich==13.7.1
    # via typer
ruff==0.5.0
shellingham==1.5.4
    # via typer
six==1.16.0
    # via asttokens
    # via python-dateutil
smbus2==0.4.3
    # via piicodev
smmap==5.0.1
    # via gitdb
stack-data==0.6.3
    # via ipython
tomli==2.0.1
    # via mypy
tornado==6.4.1
    # via ipykernel
    # via jupyter-client
traitlets==5.14.3
    # via comm
    # via ipykernel
    # via ipython
    # via jupyter-client
    # via jupyter-core
    # via matplotlib-inline
typer==0.12.3
    # via cocktailberry
typing-extensions==4.12.2
    # via ipython
    # via mypy
    # via typer
urllib3==2.2.2
    # via requests
watchdog==4.0.1
    # via mkdocs
wcwidth==0.2.13
    # via prompt-toolkit
zipp==3.19.2
    # via importlib-metadata
