# generated by rye
# use `rye lock` or `rye sync` to update this lockfile
#
# last locked with the following flags:
#   pre: false
#   features: []
#   all-features: false
#   with-sources: false
#   generate-hashes: false

-e file:.
annotated-types==0.7.0
    # via pydantic
anyio==4.6.2.post1
    # via httpx
    # via sse-starlette
    # via starlette
    # via watchfiles
certifi==2024.6.2
    # via httpcore
    # via httpx
    # via requests
charset-normalizer==3.3.2
    # via requests
click==8.1.7
    # via typer
    # via uvicorn
colorama==0.4.6
    # via click
    # via uvicorn
distro==1.9.0
    # via cocktailberry
dnspython==2.7.0
    # via email-validator
email-validator==2.2.0
    # via fastapi
exceptiongroup==1.2.2
    # via anyio
fastapi==0.115.2
    # via cocktailberry
fastapi-cli==0.0.5
    # via fastapi
gitdb==4.0.11
    # via gitpython
gitpython==3.1.43
    # via cocktailberry
h11==0.14.0
    # via httpcore
    # via uvicorn
httpcore==1.0.6
    # via httpx
httptools==0.6.4
    # via uvicorn
httpx==0.27.2
    # via fastapi
idna==3.7
    # via anyio
    # via email-validator
    # via httpx
    # via requests
jinja2==3.1.4
    # via fastapi
libsass==0.23.0
    # via qtsass
markdown-it-py==3.0.0
    # via rich
markupsafe==3.0.2
    # via jinja2
mdurl==0.1.2
    # via markdown-it-py
packaging==24.1
    # via qtpy
piicodev==1.10.0
    # via cocktailberry
pillow==10.4.0
    # via cocktailberry
psutil==6.0.0
    # via cocktailberry
pydantic==2.9.2
    # via fastapi
pydantic-core==2.23.4
    # via pydantic
pyfiglet==1.0.2
    # via cocktailberry
pygments==2.18.0
    # via rich
pyqt5==5.15.7
    # via cocktailberry
    # via pyqtspinner
pyqt5-qt5==5.15.2
    # via cocktailberry
    # via pyqt5
pyqt5-sip==12.13.0
    # via pyqt5
pyqtspinner==2.0.0
    # via cocktailberry
python-dotenv==1.0.1
    # via uvicorn
python-multipart==0.0.12
    # via fastapi
pyyaml==6.0.1
    # via cocktailberry
    # via uvicorn
qtawesome==1.3.1
    # via cocktailberry
qtpy==2.4.1
    # via qtawesome
qtsass==0.4.0
    # via cocktailberry
requests==2.32.3
    # via cocktailberry
rich==13.7.1
    # via typer
shellingham==1.5.4
    # via typer
smbus2==0.4.3
    # via piicodev
smmap==5.0.1
    # via gitdb
sniffio==1.3.1
    # via anyio
    # via httpx
sse-starlette==2.1.3
    # via cocktailberry
starlette==0.40.0
    # via fastapi
    # via sse-starlette
typer==0.12.3
    # via cocktailberry
    # via fastapi-cli
typing-extensions==4.12.2
    # via anyio
    # via fastapi
    # via pydantic
    # via pydantic-core
    # via starlette
    # via typer
    # via uvicorn
urllib3==2.2.2
    # via requests
uvicorn==0.32.0
    # via cocktailberry
    # via fastapi
    # via fastapi-cli
    # via sse-starlette
watchfiles==0.24.0
    # via uvicorn
websockets==13.1
    # via uvicorn
