# generated by rye
# use `rye lock` or `rye sync` to update this lockfile
#
# last locked with the following flags:
#   pre: false
#   features: []
#   all-features: false
#   with-sources: false
#   generate-hashes: false

-e file:.
certifi==2024.6.2
    # via requests
charset-normalizer==3.3.2
    # via requests
click==8.1.7
    # via typer
colorama==0.4.6
    # via click
gitdb==4.0.11
    # via gitpython
gitpython==3.1.43
    # via cocktailberry
idna==3.7
    # via requests
libsass==0.23.0
    # via qtsass
markdown-it-py==3.0.0
    # via rich
mdurl==0.1.2
    # via markdown-it-py
packaging==24.1
    # via qtpy
piicodev==1.10.0
    # via cocktailberry
pillow==10.4.0
    # via cocktailberry
pyfiglet==1.0.2
    # via cocktailberry
pygments==2.18.0
    # via rich
pyqt5==5.15.7
    # via cocktailberry
    # via pyqtspinner
pyqt5-qt5==5.15.2
    # via cocktailberry
    # via pyqt5
pyqt5-sip==12.13.0
    # via pyqt5
pyqtspinner==2.0.0
    # via cocktailberry
pyyaml==6.0.1
    # via cocktailberry
qtawesome==1.3.1
    # via cocktailberry
qtpy==2.4.1
    # via qtawesome
qtsass==0.4.0
    # via cocktailberry
requests==2.32.3
    # via cocktailberry
rich==13.7.1
    # via typer
shellingham==1.5.4
    # via typer
smbus2==0.4.3
    # via piicodev
smmap==5.0.1
    # via gitdb
typer==0.12.3
    # via cocktailberry
typing-extensions==4.12.2
    # via typer
urllib3==2.2.2
    # via requests
